{
  "originHash" : "60298268d1a8b87af2076d7c9d5f1f73eef6d8ae02b061f98be6db59bfe6751c",
  "pins" : [
    {
      "identity" : "buildplugins",
      "kind" : "remoteSourceControl",
      "location" : "https://github.com/chipp/BuildPlugins",
      "state" : {
        "branch" : "main",
        "revision" : "327b997d0fb68c1e779e7963f3a0affbfff0982e"
      }
    },
    {
      "identity" : "swift-syntax",
      "kind" : "remoteSourceControl",
      "location" : "https://github.com/swiftlang/swift-syntax.git",
      "state" : {
        "revision" : "0687f71944021d616d34d922343dcef086855920",
        "version" : "600.0.1"
      }
    }
  ],
  "version" : 3
}
