{
  "originHash" : "d5a3a0ac46b9dd5a250ca948433451852ed489a0e3bc8e831b419235a575b869",
  "pins" : [
    {
      "identity" : "buildplugins",
      "kind" : "remoteSourceControl",
      "location" : "https://github.com/chipp/BuildPlugins",
      "state" : {
        "branch" : "main",
        "revision" : "b6b1a6b2cdfb363e53e812f8ce360f6611c6dac3"
      }
    },
    {
      "identity" : "swift-syntax",
      "kind" : "remoteSourceControl",
      "location" : "https://github.com/swiftlang/swift-syntax.git",
      "state" : {
        "revision" : "0687f71944021d616d34d922343dcef086855920",
        "version" : "600.0.1"
      }
    }
  ],
  "version" : 3
}
